
Microsoft Visual Studio Solution File, Format Version 12.00
# Visual Studio 15
VisualStudioVersion = 15.0.27130.2024
MinimumVisualStudioVersion = 10.0.40219.1
Project("{FAE04EC0-301F-11D3-BF4B-00C04F79EFBC}") = "RefitStudy", "RefitStudy\RefitStudy.csproj", "{582CE881-E56D-4A8A-BAD6-A7F9598A2675}"
EndProject
Project("{FAE04EC0-301F-11D3-BF4B-00C04F79EFBC}") = "WebApiClientStudy", "WebApiClientStudy\WebApiClientStudy.csproj", "{31759441-669F-4110-AD0C-337E616B794C}"
EndProject
Project("{2150E333-8FDC-42A3-9474-1A3956D46DE8}") = "Http", "Http", "{8D1815DF-D299-490D-9451-EF7B0E43FC22}"
EndProject
Project("{FAE04EC0-301F-11D3-BF4B-00C04F79EFBC}") = "Log4Study", "Log4Study\Log4Study.csproj", "{4F4D1E6C-262F-4A40-932A-C1AE5662FAB1}"
EndProject
Project("{FAE04EC0-301F-11D3-BF4B-00C04F79EFBC}") = "AutomapperStudy", "AutomapperStudy\AutomapperStudy.csproj", "{6A342586-09A1-43E2-AA2F-0B4C96270F10}"
EndProject
Project("{FAE04EC0-301F-11D3-BF4B-00C04F79EFBC}") = "JumonyStudy", "JumonyStudy\JumonyStudy.csproj", "{C2556B97-18AA-4A1D-8F9E-98134202DFFA}"
EndProject
Project("{FAE04EC0-301F-11D3-BF4B-00C04F79EFBC}") = "DevFxClient", "DevFxStudy\DevFxClient.csproj", "{6C54EDE5-6F25-4C97-94F6-85735A9DD9AE}"
EndProject
Project("{2150E333-8FDC-42A3-9474-1A3956D46DE8}") = "DevFxStudy", "DevFxStudy", "{F5D40291-6669-430F-847A-8AC6A6A17AF0}"
EndProject
Project("{FAE04EC0-301F-11D3-BF4B-00C04F79EFBC}") = "Devfx.Service", "Devfx.Service\Devfx.Service.csproj", "{4334019B-EBC7-4E20-BF78-3FEACEAFBA8C}"
EndProject
Project("{FAE04EC0-301F-11D3-BF4B-00C04F79EFBC}") = "Devfx.IService", "Devfx.IService\Devfx.IService.csproj", "{081B5737-A279-46CD-8B7D-0B02376490B6}"
EndProject
Project("{2150E333-8FDC-42A3-9474-1A3956D46DE8}") = "SpringStudy", "SpringStudy", "{BC1B5E8A-9D62-4EE3-8B77-E046335F0733}"
EndProject
Project("{FAE04EC0-301F-11D3-BF4B-00C04F79EFBC}") = "SpringTest", "SpringTest\SpringTest.csproj", "{7244699D-65E0-4F55-9D95-1FD8F3B961ED}"
EndProject
Project("{FAE04EC0-301F-11D3-BF4B-00C04F79EFBC}") = "SpringMVCTest", "SpringMVCTest\SpringMVCTest.csproj", "{363F7956-EE6E-43DD-AB88-FA7FBBC8CEE6}"
EndProject
Global
	GlobalSection(SolutionConfigurationPlatforms) = preSolution
		Debug|Any CPU = Debug|Any CPU
		Release|Any CPU = Release|Any CPU
	EndGlobalSection
	GlobalSection(ProjectConfigurationPlatforms) = postSolution
		{582CE881-E56D-4A8A-BAD6-A7F9598A2675}.Debug|Any CPU.ActiveCfg = Debug|Any CPU
		{582CE881-E56D-4A8A-BAD6-A7F9598A2675}.Debug|Any CPU.Build.0 = Debug|Any CPU
		{582CE881-E56D-4A8A-BAD6-A7F9598A2675}.Release|Any CPU.ActiveCfg = Release|Any CPU
		{582CE881-E56D-4A8A-BAD6-A7F9598A2675}.Release|Any CPU.Build.0 = Release|Any CPU
		{31759441-669F-4110-AD0C-337E616B794C}.Debug|Any CPU.ActiveCfg = Debug|Any CPU
		{31759441-669F-4110-AD0C-337E616B794C}.Debug|Any CPU.Build.0 = Debug|Any CPU
		{31759441-669F-4110-AD0C-337E616B794C}.Release|Any CPU.ActiveCfg = Release|Any CPU
		{31759441-669F-4110-AD0C-337E616B794C}.Release|Any CPU.Build.0 = Release|Any CPU
		{4F4D1E6C-262F-4A40-932A-C1AE5662FAB1}.Debug|Any CPU.ActiveCfg = Debug|Any CPU
		{4F4D1E6C-262F-4A40-932A-C1AE5662FAB1}.Debug|Any CPU.Build.0 = Debug|Any CPU
		{4F4D1E6C-262F-4A40-932A-C1AE5662FAB1}.Release|Any CPU.ActiveCfg = Release|Any CPU
		{4F4D1E6C-262F-4A40-932A-C1AE5662FAB1}.Release|Any CPU.Build.0 = Release|Any CPU
		{6A342586-09A1-43E2-AA2F-0B4C96270F10}.Debug|Any CPU.ActiveCfg = Debug|Any CPU
		{6A342586-09A1-43E2-AA2F-0B4C96270F10}.Debug|Any CPU.Build.0 = Debug|Any CPU
		{6A342586-09A1-43E2-AA2F-0B4C96270F10}.Release|Any CPU.ActiveCfg = Release|Any CPU
		{6A342586-09A1-43E2-AA2F-0B4C96270F10}.Release|Any CPU.Build.0 = Release|Any CPU
		{C2556B97-18AA-4A1D-8F9E-98134202DFFA}.Debug|Any CPU.ActiveCfg = Debug|Any CPU
		{C2556B97-18AA-4A1D-8F9E-98134202DFFA}.Debug|Any CPU.Build.0 = Debug|Any CPU
		{C2556B97-18AA-4A1D-8F9E-98134202DFFA}.Release|Any CPU.ActiveCfg = Release|Any CPU
		{C2556B97-18AA-4A1D-8F9E-98134202DFFA}.Release|Any CPU.Build.0 = Release|Any CPU
		{6C54EDE5-6F25-4C97-94F6-85735A9DD9AE}.Debug|Any CPU.ActiveCfg = Debug|Any CPU
		{6C54EDE5-6F25-4C97-94F6-85735A9DD9AE}.Debug|Any CPU.Build.0 = Debug|Any CPU
		{6C54EDE5-6F25-4C97-94F6-85735A9DD9AE}.Release|Any CPU.ActiveCfg = Release|Any CPU
		{6C54EDE5-6F25-4C97-94F6-85735A9DD9AE}.Release|Any CPU.Build.0 = Release|Any CPU
		{4334019B-EBC7-4E20-BF78-3FEACEAFBA8C}.Debug|Any CPU.ActiveCfg = Debug|Any CPU
		{4334019B-EBC7-4E20-BF78-3FEACEAFBA8C}.Debug|Any CPU.Build.0 = Debug|Any CPU
		{4334019B-EBC7-4E20-BF78-3FEACEAFBA8C}.Release|Any CPU.ActiveCfg = Release|Any CPU
		{4334019B-EBC7-4E20-BF78-3FEACEAFBA8C}.Release|Any CPU.Build.0 = Release|Any CPU
		{081B5737-A279-46CD-8B7D-0B02376490B6}.Debug|Any CPU.ActiveCfg = Debug|Any CPU
		{081B5737-A279-46CD-8B7D-0B02376490B6}.Debug|Any CPU.Build.0 = Debug|Any CPU
		{081B5737-A279-46CD-8B7D-0B02376490B6}.Release|Any CPU.ActiveCfg = Release|Any CPU
		{081B5737-A279-46CD-8B7D-0B02376490B6}.Release|Any CPU.Build.0 = Release|Any CPU
		{7244699D-65E0-4F55-9D95-1FD8F3B961ED}.Debug|Any CPU.ActiveCfg = Debug|Any CPU
		{7244699D-65E0-4F55-9D95-1FD8F3B961ED}.Debug|Any CPU.Build.0 = Debug|Any CPU
		{7244699D-65E0-4F55-9D95-1FD8F3B961ED}.Release|Any CPU.ActiveCfg = Release|Any CPU
		{7244699D-65E0-4F55-9D95-1FD8F3B961ED}.Release|Any CPU.Build.0 = Release|Any CPU
		{363F7956-EE6E-43DD-AB88-FA7FBBC8CEE6}.Debug|Any CPU.ActiveCfg = Debug|Any CPU
		{363F7956-EE6E-43DD-AB88-FA7FBBC8CEE6}.Debug|Any CPU.Build.0 = Debug|Any CPU
		{363F7956-EE6E-43DD-AB88-FA7FBBC8CEE6}.Release|Any CPU.ActiveCfg = Release|Any CPU
		{363F7956-EE6E-43DD-AB88-FA7FBBC8CEE6}.Release|Any CPU.Build.0 = Release|Any CPU
	EndGlobalSection
	GlobalSection(SolutionProperties) = preSolution
		HideSolutionNode = FALSE
	EndGlobalSection
	GlobalSection(NestedProjects) = preSolution
		{582CE881-E56D-4A8A-BAD6-A7F9598A2675} = {8D1815DF-D299-490D-9451-EF7B0E43FC22}
		{31759441-669F-4110-AD0C-337E616B794C} = {8D1815DF-D299-490D-9451-EF7B0E43FC22}
		{6C54EDE5-6F25-4C97-94F6-85735A9DD9AE} = {F5D40291-6669-430F-847A-8AC6A6A17AF0}
		{4334019B-EBC7-4E20-BF78-3FEACEAFBA8C} = {F5D40291-6669-430F-847A-8AC6A6A17AF0}
		{081B5737-A279-46CD-8B7D-0B02376490B6} = {F5D40291-6669-430F-847A-8AC6A6A17AF0}
		{7244699D-65E0-4F55-9D95-1FD8F3B961ED} = {BC1B5E8A-9D62-4EE3-8B77-E046335F0733}
		{363F7956-EE6E-43DD-AB88-FA7FBBC8CEE6} = {BC1B5E8A-9D62-4EE3-8B77-E046335F0733}
	EndGlobalSection
	GlobalSection(ExtensibilityGlobals) = postSolution
		SolutionGuid = {162C428C-66FE-40C1-AFB4-25E36D1022D5}
	EndGlobalSection
EndGlobal
